
Microsoft Visual Studio Solution File, Format Version 12.00
# Visual Studio Version 16
VisualStudioVersion = 16.0.29001.49
MinimumVisualStudioVersion = 10.0.40219.1
Project("{FAE04EC0-301F-11D3-BF4B-00C04F79EFBC}") = "Constructores", "Constructores\Constructores.csproj", "{B5C164BB-A9F8-4CCA-9EE6-0395282C9F51}"
EndProject
Global
	GlobalSection(SolutionConfigurationPlatforms) = preSolution
		Debug|Any CPU = Debug|Any CPU
		Release|Any CPU = Release|Any CPU
	EndGlobalSection
	GlobalSection(ProjectConfigurationPlatforms) = postSolution
		{B5C164BB-A9F8-4CCA-9EE6-0395282C9F51}.Debug|Any CPU.ActiveCfg = Debug|Any CPU
		{B5C164BB-A9F8-4CCA-9EE6-0395282C9F51}.Debug|Any CPU.Build.0 = Debug|Any CPU
		{B5C164BB-A9F8-4CCA-9EE6-0395282C9F51}.Release|Any CPU.ActiveCfg = Release|Any CPU
		{B5C164BB-A9F8-4CCA-9EE6-0395282C9F51}.Release|Any CPU.Build.0 = Release|Any CPU
	EndGlobalSection
	GlobalSection(SolutionProperties) = preSolution
		HideSolutionNode = FALSE
	EndGlobalSection
	GlobalSection(ExtensibilityGlobals) = postSolution
		SolutionGuid = {AC48CC9A-0FC2-454D-A776-816FF7A80F5C}
	EndGlobalSection
EndGlobal
